
Microsoft Visual Studio Solution File, Format Version 12.00
# Visual Studio Version 16
VisualStudioVersion = 25.0.1705.0
MinimumVisualStudioVersion = 10.0.40219.1
Project("{FAE04EC0-301F-11D3-BF4B-00C04F79EFBC}") = "Exponents-PowersTable", "Exponents-PowersTable\Exponents-PowersTable.csproj", "{0807D9E5-F9B5-42EA-A2A2-C3A4549CAF7D}"
EndProject
Global
	GlobalSection(SolutionConfigurationPlatforms) = preSolution
		Debug|Any CPU = Debug|Any CPU
		Release|Any CPU = Release|Any CPU
	EndGlobalSection
	GlobalSection(ProjectConfigurationPlatforms) = postSolution
		{0807D9E5-F9B5-42EA-A2A2-C3A4549CAF7D}.Debug|Any CPU.ActiveCfg = Debug|Any CPU
		{0807D9E5-F9B5-42EA-A2A2-C3A4549CAF7D}.Debug|Any CPU.Build.0 = Debug|Any CPU
		{0807D9E5-F9B5-42EA-A2A2-C3A4549CAF7D}.Release|Any CPU.ActiveCfg = Release|Any CPU
		{0807D9E5-F9B5-42EA-A2A2-C3A4549CAF7D}.Release|Any CPU.Build.0 = Release|Any CPU
	EndGlobalSection
	GlobalSection(SolutionProperties) = preSolution
		HideSolutionNode = FALSE
	EndGlobalSection
	GlobalSection(ExtensibilityGlobals) = postSolution
		SolutionGuid = {BB3AF60E-6DAE-41F7-81EF-6D3241999EB7}
	EndGlobalSection
EndGlobal
